
Microsoft Visual Studio Solution File, Format Version 12.00
# Visual Studio 15
VisualStudioVersion = 15.0.26124.0
MinimumVisualStudioVersion = 15.0.26124.0
Project("{FAE04EC0-301F-11D3-BF4B-00C04F79EFBC}") = "api.domain", "api.domain\api.domain.csproj", "{27CF8C08-F2B8-47D8-AE50-0E0BD4A35E8D}"
EndProject
Project("{FAE04EC0-301F-11D3-BF4B-00C04F79EFBC}") = "api.shared", "api.shared\api.shared.csproj", "{C0832BF6-950E-4C7B-8D57-F865C2CE95EA}"
EndProject
Project("{FAE04EC0-301F-11D3-BF4B-00C04F79EFBC}") = "api.data", "api.data\api.data.csproj", "{6970C17E-B6C6-468B-9408-86C8B9AF2891}"
EndProject
Project("{FAE04EC0-301F-11D3-BF4B-00C04F79EFBC}") = "api.crossCutting", "api.crossCutting\api.crossCutting.csproj", "{72ED6D6A-57BE-457F-95A6-5AFC89AB03E5}"
EndProject
Project("{FAE04EC0-301F-11D3-BF4B-00C04F79EFBC}") = "api.services", "api.services\api.services.csproj", "{78DE8834-83BF-4B41-8BF2-A241686B4C61}"
EndProject
Project("{FAE04EC0-301F-11D3-BF4B-00C04F79EFBC}") = "api.apllication", "api.apllication\api.apllication.csproj", "{FD6AD49D-3E7C-4D18-A726-BA288E0F1D4D}"
EndProject
Project("{FAE04EC0-301F-11D3-BF4B-00C04F79EFBC}") = "api.data.test", "api.data.test\api.data.test.csproj", "{3D121CDB-5836-4B96-86B7-819C6138F9C1}"
EndProject
Global
	GlobalSection(SolutionConfigurationPlatforms) = preSolution
		Debug|Any CPU = Debug|Any CPU
		Debug|x64 = Debug|x64
		Debug|x86 = Debug|x86
		Release|Any CPU = Release|Any CPU
		Release|x64 = Release|x64
		Release|x86 = Release|x86
	EndGlobalSection
	GlobalSection(SolutionProperties) = preSolution
		HideSolutionNode = FALSE
	EndGlobalSection
	GlobalSection(ProjectConfigurationPlatforms) = postSolution
		{27CF8C08-F2B8-47D8-AE50-0E0BD4A35E8D}.Debug|Any CPU.ActiveCfg = Debug|Any CPU
		{27CF8C08-F2B8-47D8-AE50-0E0BD4A35E8D}.Debug|Any CPU.Build.0 = Debug|Any CPU
		{27CF8C08-F2B8-47D8-AE50-0E0BD4A35E8D}.Debug|x64.ActiveCfg = Debug|Any CPU
		{27CF8C08-F2B8-47D8-AE50-0E0BD4A35E8D}.Debug|x64.Build.0 = Debug|Any CPU
		{27CF8C08-F2B8-47D8-AE50-0E0BD4A35E8D}.Debug|x86.ActiveCfg = Debug|Any CPU
		{27CF8C08-F2B8-47D8-AE50-0E0BD4A35E8D}.Debug|x86.Build.0 = Debug|Any CPU
		{27CF8C08-F2B8-47D8-AE50-0E0BD4A35E8D}.Release|Any CPU.ActiveCfg = Release|Any CPU
		{27CF8C08-F2B8-47D8-AE50-0E0BD4A35E8D}.Release|Any CPU.Build.0 = Release|Any CPU
		{27CF8C08-F2B8-47D8-AE50-0E0BD4A35E8D}.Release|x64.ActiveCfg = Release|Any CPU
		{27CF8C08-F2B8-47D8-AE50-0E0BD4A35E8D}.Release|x64.Build.0 = Release|Any CPU
		{27CF8C08-F2B8-47D8-AE50-0E0BD4A35E8D}.Release|x86.ActiveCfg = Release|Any CPU
		{27CF8C08-F2B8-47D8-AE50-0E0BD4A35E8D}.Release|x86.Build.0 = Release|Any CPU
		{C0832BF6-950E-4C7B-8D57-F865C2CE95EA}.Debug|Any CPU.ActiveCfg = Debug|Any CPU
		{C0832BF6-950E-4C7B-8D57-F865C2CE95EA}.Debug|Any CPU.Build.0 = Debug|Any CPU
		{C0832BF6-950E-4C7B-8D57-F865C2CE95EA}.Debug|x64.ActiveCfg = Debug|Any CPU
		{C0832BF6-950E-4C7B-8D57-F865C2CE95EA}.Debug|x64.Build.0 = Debug|Any CPU
		{C0832BF6-950E-4C7B-8D57-F865C2CE95EA}.Debug|x86.ActiveCfg = Debug|Any CPU
		{C0832BF6-950E-4C7B-8D57-F865C2CE95EA}.Debug|x86.Build.0 = Debug|Any CPU
		{C0832BF6-950E-4C7B-8D57-F865C2CE95EA}.Release|Any CPU.ActiveCfg = Release|Any CPU
		{C0832BF6-950E-4C7B-8D57-F865C2CE95EA}.Release|Any CPU.Build.0 = Release|Any CPU
		{C0832BF6-950E-4C7B-8D57-F865C2CE95EA}.Release|x64.ActiveCfg = Release|Any CPU
		{C0832BF6-950E-4C7B-8D57-F865C2CE95EA}.Release|x64.Build.0 = Release|Any CPU
		{C0832BF6-950E-4C7B-8D57-F865C2CE95EA}.Release|x86.ActiveCfg = Release|Any CPU
		{C0832BF6-950E-4C7B-8D57-F865C2CE95EA}.Release|x86.Build.0 = Release|Any CPU
		{6970C17E-B6C6-468B-9408-86C8B9AF2891}.Debug|Any CPU.ActiveCfg = Debug|Any CPU
		{6970C17E-B6C6-468B-9408-86C8B9AF2891}.Debug|Any CPU.Build.0 = Debug|Any CPU
		{6970C17E-B6C6-468B-9408-86C8B9AF2891}.Debug|x64.ActiveCfg = Debug|Any CPU
		{6970C17E-B6C6-468B-9408-86C8B9AF2891}.Debug|x64.Build.0 = Debug|Any CPU
		{6970C17E-B6C6-468B-9408-86C8B9AF2891}.Debug|x86.ActiveCfg = Debug|Any CPU
		{6970C17E-B6C6-468B-9408-86C8B9AF2891}.Debug|x86.Build.0 = Debug|Any CPU
		{6970C17E-B6C6-468B-9408-86C8B9AF2891}.Release|Any CPU.ActiveCfg = Release|Any CPU
		{6970C17E-B6C6-468B-9408-86C8B9AF2891}.Release|Any CPU.Build.0 = Release|Any CPU
		{6970C17E-B6C6-468B-9408-86C8B9AF2891}.Release|x64.ActiveCfg = Release|Any CPU
		{6970C17E-B6C6-468B-9408-86C8B9AF2891}.Release|x64.Build.0 = Release|Any CPU
		{6970C17E-B6C6-468B-9408-86C8B9AF2891}.Release|x86.ActiveCfg = Release|Any CPU
		{6970C17E-B6C6-468B-9408-86C8B9AF2891}.Release|x86.Build.0 = Release|Any CPU
		{72ED6D6A-57BE-457F-95A6-5AFC89AB03E5}.Debug|Any CPU.ActiveCfg = Debug|Any CPU
		{72ED6D6A-57BE-457F-95A6-5AFC89AB03E5}.Debug|Any CPU.Build.0 = Debug|Any CPU
		{72ED6D6A-57BE-457F-95A6-5AFC89AB03E5}.Debug|x64.ActiveCfg = Debug|Any CPU
		{72ED6D6A-57BE-457F-95A6-5AFC89AB03E5}.Debug|x64.Build.0 = Debug|Any CPU
		{72ED6D6A-57BE-457F-95A6-5AFC89AB03E5}.Debug|x86.ActiveCfg = Debug|Any CPU
		{72ED6D6A-57BE-457F-95A6-5AFC89AB03E5}.Debug|x86.Build.0 = Debug|Any CPU
		{72ED6D6A-57BE-457F-95A6-5AFC89AB03E5}.Release|Any CPU.ActiveCfg = Release|Any CPU
		{72ED6D6A-57BE-457F-95A6-5AFC89AB03E5}.Release|Any CPU.Build.0 = Release|Any CPU
		{72ED6D6A-57BE-457F-95A6-5AFC89AB03E5}.Release|x64.ActiveCfg = Release|Any CPU
		{72ED6D6A-57BE-457F-95A6-5AFC89AB03E5}.Release|x64.Build.0 = Release|Any CPU
		{72ED6D6A-57BE-457F-95A6-5AFC89AB03E5}.Release|x86.ActiveCfg = Release|Any CPU
		{72ED6D6A-57BE-457F-95A6-5AFC89AB03E5}.Release|x86.Build.0 = Release|Any CPU
		{78DE8834-83BF-4B41-8BF2-A241686B4C61}.Debug|Any CPU.ActiveCfg = Debug|Any CPU
		{78DE8834-83BF-4B41-8BF2-A241686B4C61}.Debug|Any CPU.Build.0 = Debug|Any CPU
		{78DE8834-83BF-4B41-8BF2-A241686B4C61}.Debug|x64.ActiveCfg = Debug|Any CPU
		{78DE8834-83BF-4B41-8BF2-A241686B4C61}.Debug|x64.Build.0 = Debug|Any CPU
		{78DE8834-83BF-4B41-8BF2-A241686B4C61}.Debug|x86.ActiveCfg = Debug|Any CPU
		{78DE8834-83BF-4B41-8BF2-A241686B4C61}.Debug|x86.Build.0 = Debug|Any CPU
		{78DE8834-83BF-4B41-8BF2-A241686B4C61}.Release|Any CPU.ActiveCfg = Release|Any CPU
		{78DE8834-83BF-4B41-8BF2-A241686B4C61}.Release|Any CPU.Build.0 = Release|Any CPU
		{78DE8834-83BF-4B41-8BF2-A241686B4C61}.Release|x64.ActiveCfg = Release|Any CPU
		{78DE8834-83BF-4B41-8BF2-A241686B4C61}.Release|x64.Build.0 = Release|Any CPU
		{78DE8834-83BF-4B41-8BF2-A241686B4C61}.Release|x86.ActiveCfg = Release|Any CPU
		{78DE8834-83BF-4B41-8BF2-A241686B4C61}.Release|x86.Build.0 = Release|Any CPU
		{FD6AD49D-3E7C-4D18-A726-BA288E0F1D4D}.Debug|Any CPU.ActiveCfg = Debug|Any CPU
		{FD6AD49D-3E7C-4D18-A726-BA288E0F1D4D}.Debug|Any CPU.Build.0 = Debug|Any CPU
		{FD6AD49D-3E7C-4D18-A726-BA288E0F1D4D}.Debug|x64.ActiveCfg = Debug|Any CPU
		{FD6AD49D-3E7C-4D18-A726-BA288E0F1D4D}.Debug|x64.Build.0 = Debug|Any CPU
		{FD6AD49D-3E7C-4D18-A726-BA288E0F1D4D}.Debug|x86.ActiveCfg = Debug|Any CPU
		{FD6AD49D-3E7C-4D18-A726-BA288E0F1D4D}.Debug|x86.Build.0 = Debug|Any CPU
		{FD6AD49D-3E7C-4D18-A726-BA288E0F1D4D}.Release|Any CPU.ActiveCfg = Release|Any CPU
		{FD6AD49D-3E7C-4D18-A726-BA288E0F1D4D}.Release|Any CPU.Build.0 = Release|Any CPU
		{FD6AD49D-3E7C-4D18-A726-BA288E0F1D4D}.Release|x64.ActiveCfg = Release|Any CPU
		{FD6AD49D-3E7C-4D18-A726-BA288E0F1D4D}.Release|x64.Build.0 = Release|Any CPU
		{FD6AD49D-3E7C-4D18-A726-BA288E0F1D4D}.Release|x86.ActiveCfg = Release|Any CPU
		{FD6AD49D-3E7C-4D18-A726-BA288E0F1D4D}.Release|x86.Build.0 = Release|Any CPU
		{3D121CDB-5836-4B96-86B7-819C6138F9C1}.Debug|Any CPU.ActiveCfg = Debug|Any CPU
		{3D121CDB-5836-4B96-86B7-819C6138F9C1}.Debug|Any CPU.Build.0 = Debug|Any CPU
		{3D121CDB-5836-4B96-86B7-819C6138F9C1}.Debug|x64.ActiveCfg = Debug|Any CPU
		{3D121CDB-5836-4B96-86B7-819C6138F9C1}.Debug|x64.Build.0 = Debug|Any CPU
		{3D121CDB-5836-4B96-86B7-819C6138F9C1}.Debug|x86.ActiveCfg = Debug|Any CPU
		{3D121CDB-5836-4B96-86B7-819C6138F9C1}.Debug|x86.Build.0 = Debug|Any CPU
		{3D121CDB-5836-4B96-86B7-819C6138F9C1}.Release|Any CPU.ActiveCfg = Release|Any CPU
		{3D121CDB-5836-4B96-86B7-819C6138F9C1}.Release|Any CPU.Build.0 = Release|Any CPU
		{3D121CDB-5836-4B96-86B7-819C6138F9C1}.Release|x64.ActiveCfg = Release|Any CPU
		{3D121CDB-5836-4B96-86B7-819C6138F9C1}.Release|x64.Build.0 = Release|Any CPU
		{3D121CDB-5836-4B96-86B7-819C6138F9C1}.Release|x86.ActiveCfg = Release|Any CPU
		{3D121CDB-5836-4B96-86B7-819C6138F9C1}.Release|x86.Build.0 = Release|Any CPU
	EndGlobalSection
EndGlobal
